// !$*UTF8*$!
{
	archiveVersion = 1;
	classes = {
	};
	objectVersion = 50;
	objects = {

/* Begin PBXBuildFile section */
		4D746393F7038F44A9FA1384 /* libPods-engage-timer-updated.a in Frameworks */ = {isa = PBXBuildFile; fileRef = F1456B105882C4053CC06E7B /* libPods-engage-timer-updated.a */; };
		661C4CCC2476528500D28D52 /* VariableCountExplanationView.swift in Sources */ = {isa = PBXBuildFile; fileRef = 661C4CCB2476528500D28D52 /* VariableCountExplanationView.swift */; };
		6629071A2458C80500EFF54D /* sounds.swift in Sources */ = {isa = PBXBuildFile; fileRef = 662907192458C80500EFF54D /* sounds.swift */; };
		6629071D2458C92600EFF54D /* boxing-bell-1.wav in Resources */ = {isa = PBXBuildFile; fileRef = 6629071B2458C92600EFF54D /* boxing-bell-1.wav */; };
		6629071E2458C92600EFF54D /* boxing-bell-3.wav in Resources */ = {isa = PBXBuildFile; fileRef = 6629071C2458C92600EFF54D /* boxing-bell-3.wav */; };
		662D955C245CAEE40067A952 /* Clap.mp3 in Resources */ = {isa = PBXBuildFile; fileRef = 662D955B245CAEE30067A952 /* Clap.mp3 */; };
		6650BC6D2464BBD000030695 /* Whistle.mp3 in Resources */ = {isa = PBXBuildFile; fileRef = 6650BC6C2464BBD000030695 /* Whistle.mp3 */; };
		6650BC6F2464BCAF00030695 /* Bell.mp3 in Resources */ = {isa = PBXBuildFile; fileRef = 6650BC6E2464BCAF00030695 /* Bell.mp3 */; };
		669A00E3247D908700AADAC7 /* OnboardingScreenView.swift in Sources */ = {isa = PBXBuildFile; fileRef = 669A00E2247D908700AADAC7 /* OnboardingScreenView.swift */; };
		66B5A52E2456413D005A2D4F /* EditEngageTimerOptionsView.swift in Sources */ = {isa = PBXBuildFile; fileRef = 66B5A52D2456413D005A2D4F /* EditEngageTimerOptionsView.swift */; };
		66CBF16223ED19A70022F015 /* AppDelegate.swift in Sources */ = {isa = PBXBuildFile; fileRef = 66CBF16123ED19A70022F015 /* AppDelegate.swift */; };
		66CBF16423ED19A70022F015 /* SceneDelegate.swift in Sources */ = {isa = PBXBuildFile; fileRef = 66CBF16323ED19A70022F015 /* SceneDelegate.swift */; };
		66CBF16623ED19A70022F015 /* EngageTimerView.swift in Sources */ = {isa = PBXBuildFile; fileRef = 66CBF16523ED19A70022F015 /* EngageTimerView.swift */; };
		66CBF16823ED19AA0022F015 /* Assets.xcassets in Resources */ = {isa = PBXBuildFile; fileRef = 66CBF16723ED19AA0022F015 /* Assets.xcassets */; };
		66CBF16B23ED19AA0022F015 /* Preview Assets.xcassets in Resources */ = {isa = PBXBuildFile; fileRef = 66CBF16A23ED19AA0022F015 /* Preview Assets.xcassets */; };
		66CBF16E23ED19AA0022F015 /* LaunchScreen.storyboard in Resources */ = {isa = PBXBuildFile; fileRef = 66CBF16C23ED19AA0022F015 /* LaunchScreen.storyboard */; };
		66CBF17A23ED1FC50022F015 /* DS-DIGI.TTF in Resources */ = {isa = PBXBuildFile; fileRef = 66CBF17923ED1FC40022F015 /* DS-DIGI.TTF */; };
		66E21A652461005800A7F9F1 /* EngageButton.swift in Sources */ = {isa = PBXBuildFile; fileRef = 66E21A642461005700A7F9F1 /* EngageButton.swift */; };
		66E88EB42453AD590076865F /* EngageTimerModel.swift in Sources */ = {isa = PBXBuildFile; fileRef = 66E88EB32453AD590076865F /* EngageTimerModel.swift */; };
		66E983FD2464B30D005B9FE8 /* ExplanationView.swift in Sources */ = {isa = PBXBuildFile; fileRef = 66E983FC2464B30D005B9FE8 /* ExplanationView.swift */; };
/* End PBXBuildFile section */

/* Begin PBXFileReference section */
		661C4CCB2476528500D28D52 /* VariableCountExplanationView.swift */ = {isa = PBXFileReference; lastKnownFileType = sourcecode.swift; path = VariableCountExplanationView.swift; sourceTree = "<group>"; };
		662907192458C80500EFF54D /* sounds.swift */ = {isa = PBXFileReference; lastKnownFileType = sourcecode.swift; path = sounds.swift; sourceTree = "<group>"; };
		6629071B2458C92600EFF54D /* boxing-bell-1.wav */ = {isa = PBXFileReference; lastKnownFileType = audio.wav; path = "boxing-bell-1.wav"; sourceTree = "<group>"; };
		6629071C2458C92600EFF54D /* boxing-bell-3.wav */ = {isa = PBXFileReference; lastKnownFileType = audio.wav; path = "boxing-bell-3.wav"; sourceTree = "<group>"; };
		662D955B245CAEE30067A952 /* Clap.mp3 */ = {isa = PBXFileReference; lastKnownFileType = audio.mp3; path = Clap.mp3; sourceTree = "<group>"; };
		6650BC6C2464BBD000030695 /* Whistle.mp3 */ = {isa = PBXFileReference; lastKnownFileType = audio.mp3; path = Whistle.mp3; sourceTree = "<group>"; };
		6650BC6E2464BCAF00030695 /* Bell.mp3 */ = {isa = PBXFileReference; lastKnownFileType = audio.mp3; path = Bell.mp3; sourceTree = "<group>"; };
		669A00E2247D908700AADAC7 /* OnboardingScreenView.swift */ = {isa = PBXFileReference; lastKnownFileType = sourcecode.swift; path = OnboardingScreenView.swift; sourceTree = "<group>"; };
		66B5A52D2456413D005A2D4F /* EditEngageTimerOptionsView.swift */ = {isa = PBXFileReference; lastKnownFileType = sourcecode.swift; path = EditEngageTimerOptionsView.swift; sourceTree = "<group>"; };
		66CBF15E23ED19A70022F015 /* Engage Timer.app */ = {isa = PBXFileReference; explicitFileType = wrapper.application; includeInIndex = 0; path = "Engage Timer.app"; sourceTree = BUILT_PRODUCTS_DIR; };
		66CBF16123ED19A70022F015 /* AppDelegate.swift */ = {isa = PBXFileReference; lastKnownFileType = sourcecode.swift; path = AppDelegate.swift; sourceTree = "<group>"; };
		66CBF16323ED19A70022F015 /* SceneDelegate.swift */ = {isa = PBXFileReference; lastKnownFileType = sourcecode.swift; path = SceneDelegate.swift; sourceTree = "<group>"; };
		66CBF16523ED19A70022F015 /* EngageTimerView.swift */ = {isa = PBXFileReference; lastKnownFileType = sourcecode.swift; path = EngageTimerView.swift; sourceTree = "<group>"; };
		66CBF16723ED19AA0022F015 /* Assets.xcassets */ = {isa = PBXFileReference; lastKnownFileType = folder.assetcatalog; path = Assets.xcassets; sourceTree = "<group>"; };
		66CBF16A23ED19AA0022F015 /* Preview Assets.xcassets */ = {isa = PBXFileReference; lastKnownFileType = folder.assetcatalog; path = "Preview Assets.xcassets"; sourceTree = "<group>"; };
		66CBF16D23ED19AA0022F015 /* Base */ = {isa = PBXFileReference; lastKnownFileType = file.storyboard; name = Base; path = Base.lproj/LaunchScreen.storyboard; sourceTree = "<group>"; };
		66CBF16F23ED19AA0022F015 /* Info.plist */ = {isa = PBXFileReference; lastKnownFileType = text.plist.xml; path = Info.plist; sourceTree = "<group>"; };
		66CBF17923ED1FC40022F015 /* DS-DIGI.TTF */ = {isa = PBXFileReference; lastKnownFileType = file; path = "DS-DIGI.TTF"; sourceTree = "<group>"; };
		66E21A642461005700A7F9F1 /* EngageButton.swift */ = {isa = PBXFileReference; lastKnownFileType = sourcecode.swift; path = EngageButton.swift; sourceTree = "<group>"; };
		66E88EB32453AD590076865F /* EngageTimerModel.swift */ = {isa = PBXFileReference; lastKnownFileType = sourcecode.swift; path = EngageTimerModel.swift; sourceTree = "<group>"; };
		66E983FC2464B30D005B9FE8 /* ExplanationView.swift */ = {isa = PBXFileReference; lastKnownFileType = sourcecode.swift; path = ExplanationView.swift; sourceTree = "<group>"; };
		6D705BCB0310B7DB9D151024 /* Pods-engage-timer-updated.debug.xcconfig */ = {isa = PBXFileReference; includeInIndex = 1; lastKnownFileType = text.xcconfig; name = "Pods-engage-timer-updated.debug.xcconfig"; path = "Target Support Files/Pods-engage-timer-updated/Pods-engage-timer-updated.debug.xcconfig"; sourceTree = "<group>"; };
		9841058B02E7FB9FE2476B10 /* Pods-engage-timer-updated.release.xcconfig */ = {isa = PBXFileReference; includeInIndex = 1; lastKnownFileType = text.xcconfig; name = "Pods-engage-timer-updated.release.xcconfig"; path = "Target Support Files/Pods-engage-timer-updated/Pods-engage-timer-updated.release.xcconfig"; sourceTree = "<group>"; };
		F1456B105882C4053CC06E7B /* libPods-engage-timer-updated.a */ = {isa = PBXFileReference; explicitFileType = archive.ar; includeInIndex = 0; path = "libPods-engage-timer-updated.a"; sourceTree = BUILT_PRODUCTS_DIR; };
/* End PBXFileReference section */

/* Begin PBXFrameworksBuildPhase section */
		66CBF15B23ED19A70022F015 /* Frameworks */ = {
			isa = PBXFrameworksBuildPhase;
			buildActionMask = 2147483647;
			files = (
				4D746393F7038F44A9FA1384 /* libPods-engage-timer-updated.a in Frameworks */,
			);
			runOnlyForDeploymentPostprocessing = 0;
		};
/* End PBXFrameworksBuildPhase section */

/* Begin PBXGroup section */
		2074108EF6390707411C3955 /* Pods */ = {
			isa = PBXGroup;
			children = (
				6D705BCB0310B7DB9D151024 /* Pods-engage-timer-updated.debug.xcconfig */,
				9841058B02E7FB9FE2476B10 /* Pods-engage-timer-updated.release.xcconfig */,
			);
			path = Pods;
			sourceTree = "<group>";
		};
		669A00E6247E046100AADAC7 /* Sound */ = {
			isa = PBXGroup;
			children = (
				6650BC6E2464BCAF00030695 /* Bell.mp3 */,
				662D955B245CAEE30067A952 /* Clap.mp3 */,
				6650BC6C2464BBD000030695 /* Whistle.mp3 */,
				6629071B2458C92600EFF54D /* boxing-bell-1.wav */,
				6629071C2458C92600EFF54D /* boxing-bell-3.wav */,
			);
			path = Sound;
			sourceTree = "<group>";
		};
		66CBF15523ED19A70022F015 = {
			isa = PBXGroup;
			children = (
				66CBF16023ED19A70022F015 /* engage-timer-updated */,
				66CBF15F23ED19A70022F015 /* Products */,
				2074108EF6390707411C3955 /* Pods */,
				AAE4A6EFAFC6803BB77A879F /* Frameworks */,
			);
			sourceTree = "<group>";
		};
		66CBF15F23ED19A70022F015 /* Products */ = {
			isa = PBXGroup;
			children = (
				66CBF15E23ED19A70022F015 /* Engage Timer.app */,
			);
			name = Products;
			sourceTree = "<group>";
		};
		66CBF16023ED19A70022F015 /* engage-timer-updated */ = {
			isa = PBXGroup;
			children = (
				66CBF16123ED19A70022F015 /* AppDelegate.swift */,
				66CBF16323ED19A70022F015 /* SceneDelegate.swift */,
				66E88EB32453AD590076865F /* EngageTimerModel.swift */,
				66CBF16523ED19A70022F015 /* EngageTimerView.swift */,
				66B5A52D2456413D005A2D4F /* EditEngageTimerOptionsView.swift */,
				66E983FC2464B30D005B9FE8 /* ExplanationView.swift */,
				661C4CCB2476528500D28D52 /* VariableCountExplanationView.swift */,
				669A00E2247D908700AADAC7 /* OnboardingScreenView.swift */,
				66E21A642461005700A7F9F1 /* EngageButton.swift */,
				662907192458C80500EFF54D /* sounds.swift */,
				66CBF16723ED19AA0022F015 /* Assets.xcassets */,
				66CBF16C23ED19AA0022F015 /* LaunchScreen.storyboard */,
				66CBF16F23ED19AA0022F015 /* Info.plist */,
				66CBF17523ED1DA00022F015 /* Fonts */,
				66CBF16923ED19AA0022F015 /* Preview Content */,
				669A00E6247E046100AADAC7 /* Sound */,
			);
			path = "engage-timer-updated";
			sourceTree = "<group>";
		};
		66CBF16923ED19AA0022F015 /* Preview Content */ = {
			isa = PBXGroup;
			children = (
				66CBF16A23ED19AA0022F015 /* Preview Assets.xcassets */,
			);
			path = "Preview Content";
			sourceTree = "<group>";
		};
		66CBF17523ED1DA00022F015 /* Fonts */ = {
			isa = PBXGroup;
			children = (
				66CBF17923ED1FC40022F015 /* DS-DIGI.TTF */,
			);
			path = Fonts;
			sourceTree = "<group>";
		};
		AAE4A6EFAFC6803BB77A879F /* Frameworks */ = {
			isa = PBXGroup;
			children = (
				F1456B105882C4053CC06E7B /* libPods-engage-timer-updated.a */,
			);
			name = Frameworks;
			sourceTree = "<group>";
		};
/* End PBXGroup section */

/* Begin PBXNativeTarget section */
		66CBF15D23ED19A70022F015 /* engage-timer-updated */ = {
			isa = PBXNativeTarget;
			buildConfigurationList = 66CBF17223ED19AA0022F015 /* Build configuration list for PBXNativeTarget "engage-timer-updated" */;
			buildPhases = (
				03C405A66EB9EB11E7B1560C /* [CP] Check Pods Manifest.lock */,
				66CBF15A23ED19A70022F015 /* Sources */,
				66CBF15B23ED19A70022F015 /* Frameworks */,
				66CBF15C23ED19A70022F015 /* Resources */,
			);
			buildRules = (
			);
			dependencies = (
			);
			name = "engage-timer-updated";
			productName = "engage-timer-updated";
			productReference = 66CBF15E23ED19A70022F015 /* Engage Timer.app */;
			productType = "com.apple.product-type.application";
		};
/* End PBXNativeTarget section */

/* Begin PBXProject section */
		66CBF15623ED19A70022F015 /* Project object */ = {
			isa = PBXProject;
			attributes = {
				LastSwiftUpdateCheck = 1120;
				LastUpgradeCheck = 1120;
				ORGANIZATIONNAME = rdConcepts;
				TargetAttributes = {
					66CBF15D23ED19A70022F015 = {
						CreatedOnToolsVersion = 11.2.1;
					};
				};
			};
			buildConfigurationList = 66CBF15923ED19A70022F015 /* Build configuration list for PBXProject "engage-timer-updated" */;
			compatibilityVersion = "Xcode 9.3";
			developmentRegion = en;
			hasScannedForEncodings = 0;
			knownRegions = (
				en,
				Base,
			);
			mainGroup = 66CBF15523ED19A70022F015;
			productRefGroup = 66CBF15F23ED19A70022F015 /* Products */;
			projectDirPath = "";
			projectRoot = "";
			targets = (
				66CBF15D23ED19A70022F015 /* engage-timer-updated */,
			);
		};
/* End PBXProject section */

/* Begin PBXResourcesBuildPhase section */
		66CBF15C23ED19A70022F015 /* Resources */ = {
			isa = PBXResourcesBuildPhase;
			buildActionMask = 2147483647;
			files = (
				66CBF16E23ED19AA0022F015 /* LaunchScreen.storyboard in Resources */,
				662D955C245CAEE40067A952 /* Clap.mp3 in Resources */,
				6629071D2458C92600EFF54D /* boxing-bell-1.wav in Resources */,
				6629071E2458C92600EFF54D /* boxing-bell-3.wav in Resources */,
				66CBF16B23ED19AA0022F015 /* Preview Assets.xcassets in Resources */,
				6650BC6D2464BBD000030695 /* Whistle.mp3 in Resources */,
				66CBF16823ED19AA0022F015 /* Assets.xcassets in Resources */,
				6650BC6F2464BCAF00030695 /* Bell.mp3 in Resources */,
				66CBF17A23ED1FC50022F015 /* DS-DIGI.TTF in Resources */,
			);
			runOnlyForDeploymentPostprocessing = 0;
		};
/* End PBXResourcesBuildPhase section */

/* Begin PBXShellScriptBuildPhase section */
		03C405A66EB9EB11E7B1560C /* [CP] Check Pods Manifest.lock */ = {
			isa = PBXShellScriptBuildPhase;
			buildActionMask = 2147483647;
			files = (
			);
			inputFileListPaths = (
			);
			inputPaths = (
				"${PODS_PODFILE_DIR_PATH}/Podfile.lock",
				"${PODS_ROOT}/Manifest.lock",
			);
			name = "[CP] Check Pods Manifest.lock";
			outputFileListPaths = (
			);
			outputPaths = (
				"$(DERIVED_FILE_DIR)/Pods-engage-timer-updated-checkManifestLockResult.txt",
			);
			runOnlyForDeploymentPostprocessing = 0;
			shellPath = /bin/sh;
			shellScript = "diff \"${PODS_PODFILE_DIR_PATH}/Podfile.lock\" \"${PODS_ROOT}/Manifest.lock\" > /dev/null\nif [ $? != 0 ] ; then\n    # print error to STDERR\n    echo \"error: The sandbox is not in sync with the Podfile.lock. Run 'pod install' or update your CocoaPods installation.\" >&2\n    exit 1\nfi\n# This output is used by Xcode 'outputs' to avoid re-running this script phase.\necho \"SUCCESS\" > \"${SCRIPT_OUTPUT_FILE_0}\"\n";
			showEnvVarsInLog = 0;
		};
/* End PBXShellScriptBuildPhase section */

/* Begin PBXSourcesBuildPhase section */
		66CBF15A23ED19A70022F015 /* Sources */ = {
			isa = PBXSourcesBuildPhase;
			buildActionMask = 2147483647;
			files = (
				66B5A52E2456413D005A2D4F /* EditEngageTimerOptionsView.swift in Sources */,
				66CBF16223ED19A70022F015 /* AppDelegate.swift in Sources */,
				661C4CCC2476528500D28D52 /* VariableCountExplanationView.swift in Sources */,
				66CBF16423ED19A70022F015 /* SceneDelegate.swift in Sources */,
				66E88EB42453AD590076865F /* EngageTimerModel.swift in Sources */,
				6629071A2458C80500EFF54D /* sounds.swift in Sources */,
				66CBF16623ED19A70022F015 /* EngageTimerView.swift in Sources */,
				66E983FD2464B30D005B9FE8 /* ExplanationView.swift in Sources */,
				66E21A652461005800A7F9F1 /* EngageButton.swift in Sources */,
				669A00E3247D908700AADAC7 /* OnboardingScreenView.swift in Sources */,
			);
			runOnlyForDeploymentPostprocessing = 0;
		};
/* End PBXSourcesBuildPhase section */

/* Begin PBXVariantGroup section */
		66CBF16C23ED19AA0022F015 /* LaunchScreen.storyboard */ = {
			isa = PBXVariantGroup;
			children = (
				66CBF16D23ED19AA0022F015 /* Base */,
			);
			name = LaunchScreen.storyboard;
			sourceTree = "<group>";
		};
/* End PBXVariantGroup section */

/* Begin XCBuildConfiguration section */
		66CBF17023ED19AA0022F015 /* Debug */ = {
			isa = XCBuildConfiguration;
			buildSettings = {
				ALWAYS_SEARCH_USER_PATHS = NO;
				CLANG_ANALYZER_NONNULL = YES;
				CLANG_ANALYZER_NUMBER_OBJECT_CONVERSION = YES_AGGRESSIVE;
				CLANG_CXX_LANGUAGE_STANDARD = "gnu++14";
				CLANG_CXX_LIBRARY = "libc++";
				CLANG_ENABLE_MODULES = YES;
				CLANG_ENABLE_OBJC_ARC = YES;
				CLANG_ENABLE_OBJC_WEAK = YES;
				CLANG_WARN_BLOCK_CAPTURE_AUTORELEASING = YES;
				CLANG_WARN_BOOL_CONVERSION = YES;
				CLANG_WARN_COMMA = YES;
				CLANG_WARN_CONSTANT_CONVERSION = YES;
				CLANG_WARN_DEPRECATED_OBJC_IMPLEMENTATIONS = YES;
				CLANG_WARN_DIRECT_OBJC_ISA_USAGE = YES_ERROR;
				CLANG_WARN_DOCUMENTATION_COMMENTS = YES;
				CLANG_WARN_EMPTY_BODY = YES;
				CLANG_WARN_ENUM_CONVERSION = YES;
				CLANG_WARN_INFINITE_RECURSION = YES;
				CLANG_WARN_INT_CONVERSION = YES;
				CLANG_WARN_NON_LITERAL_NULL_CONVERSION = YES;
				CLANG_WARN_OBJC_IMPLICIT_RETAIN_SELF = YES;
				CLANG_WARN_OBJC_LITERAL_CONVERSION = YES;
				CLANG_WARN_OBJC_ROOT_CLASS = YES_ERROR;
				CLANG_WARN_RANGE_LOOP_ANALYSIS = YES;
				CLANG_WARN_STRICT_PROTOTYPES = YES;
				CLANG_WARN_SUSPICIOUS_MOVE = YES;
				CLANG_WARN_UNGUARDED_AVAILABILITY = YES_AGGRESSIVE;
				CLANG_WARN_UNREACHABLE_CODE = YES;
				CLANG_WARN__DUPLICATE_METHOD_MATCH = YES;
				COPY_PHASE_STRIP = NO;
				DEBUG_INFORMATION_FORMAT = dwarf;
				ENABLE_STRICT_OBJC_MSGSEND = YES;
				ENABLE_TESTABILITY = YES;
				GCC_C_LANGUAGE_STANDARD = gnu11;
				GCC_DYNAMIC_NO_PIC = NO;
				GCC_NO_COMMON_BLOCKS = YES;
				GCC_OPTIMIZATION_LEVEL = 0;
				GCC_PREPROCESSOR_DEFINITIONS = (
					"DEBUG=1",
					"$(inherited)",
				);
				GCC_WARN_64_TO_32_BIT_CONVERSION = YES;
				GCC_WARN_ABOUT_RETURN_TYPE = YES_ERROR;
				GCC_WARN_UNDECLARED_SELECTOR = YES;
				GCC_WARN_UNINITIALIZED_AUTOS = YES_AGGRESSIVE;
				GCC_WARN_UNUSED_FUNCTION = YES;
				GCC_WARN_UNUSED_VARIABLE = YES;
				IPHONEOS_DEPLOYMENT_TARGET = 13.2;
				MTL_ENABLE_DEBUG_INFO = INCLUDE_SOURCE;
				MTL_FAST_MATH = YES;
				ONLY_ACTIVE_ARCH = YES;
				SDKROOT = iphoneos;
				SWIFT_ACTIVE_COMPILATION_CONDITIONS = DEBUG;
				SWIFT_OPTIMIZATION_LEVEL = "-Onone";
			};
			name = Debug;
		};
		66CBF17123ED19AA0022F015 /* Release */ = {
			isa = XCBuildConfiguration;
			buildSettings = {
				ALWAYS_SEARCH_USER_PATHS = NO;
				CLANG_ANALYZER_NONNULL = YES;
				CLANG_ANALYZER_NUMBER_OBJECT_CONVERSION = YES_AGGRESSIVE;
				CLANG_CXX_LANGUAGE_STANDARD = "gnu++14";
				CLANG_CXX_LIBRARY = "libc++";
				CLANG_ENABLE_MODULES = YES;
				CLANG_ENABLE_OBJC_ARC = YES;
				CLANG_ENABLE_OBJC_WEAK = YES;
				CLANG_WARN_BLOCK_CAPTURE_AUTORELEASING = YES;
				CLANG_WARN_BOOL_CONVERSION = YES;
				CLANG_WARN_COMMA = YES;
				CLANG_WARN_CONSTANT_CONVERSION = YES;
				CLANG_WARN_DEPRECATED_OBJC_IMPLEMENTATIONS = YES;
				CLANG_WARN_DIRECT_OBJC_ISA_USAGE = YES_ERROR;
				CLANG_WARN_DOCUMENTATION_COMMENTS = YES;
				CLANG_WARN_EMPTY_BODY = YES;
				CLANG_WARN_ENUM_CONVERSION = YES;
				CLANG_WARN_INFINITE_RECURSION = YES;
				CLANG_WARN_INT_CONVERSION = YES;
				CLANG_WARN_NON_LITERAL_NULL_CONVERSION = YES;
				CLANG_WARN_OBJC_IMPLICIT_RETAIN_SELF = YES;
				CLANG_WARN_OBJC_LITERAL_CONVERSION = YES;
				CLANG_WARN_OBJC_ROOT_CLASS = YES_ERROR;
				CLANG_WARN_RANGE_LOOP_ANALYSIS = YES;
				CLANG_WARN_STRICT_PROTOTYPES = YES;
				CLANG_WARN_SUSPICIOUS_MOVE = YES;
				CLANG_WARN_UNGUARDED_AVAILABILITY = YES_AGGRESSIVE;
				CLANG_WARN_UNREACHABLE_CODE = YES;
				CLANG_WARN__DUPLICATE_METHOD_MATCH = YES;
				COPY_PHASE_STRIP = NO;
				DEBUG_INFORMATION_FORMAT = "dwarf-with-dsym";
				ENABLE_NS_ASSERTIONS = NO;
				ENABLE_STRICT_OBJC_MSGSEND = YES;
				GCC_C_LANGUAGE_STANDARD = gnu11;
				GCC_NO_COMMON_BLOCKS = YES;
				GCC_WARN_64_TO_32_BIT_CONVERSION = YES;
				GCC_WARN_ABOUT_RETURN_TYPE = YES_ERROR;
				GCC_WARN_UNDECLARED_SELECTOR = YES;
				GCC_WARN_UNINITIALIZED_AUTOS = YES_AGGRESSIVE;
				GCC_WARN_UNUSED_FUNCTION = YES;
				GCC_WARN_UNUSED_VARIABLE = YES;
				IPHONEOS_DEPLOYMENT_TARGET = 13.2;
				MTL_ENABLE_DEBUG_INFO = NO;
				MTL_FAST_MATH = YES;
				SDKROOT = iphoneos;
				SWIFT_COMPILATION_MODE = wholemodule;
				SWIFT_OPTIMIZATION_LEVEL = "-O";
				VALIDATE_PRODUCT = YES;
			};
			name = Release;
		};
		66CBF17323ED19AA0022F015 /* Debug */ = {
			isa = XCBuildConfiguration;
			baseConfigurationReference = 6D705BCB0310B7DB9D151024 /* Pods-engage-timer-updated.debug.xcconfig */;
			buildSettings = {
				ASSETCATALOG_COMPILER_APPICON_NAME = AppIcon;
				CODE_SIGN_STYLE = Automatic;
				DEVELOPMENT_ASSET_PATHS = "\"engage-timer-updated/Preview Content\"";
				DEVELOPMENT_TEAM = 6SFM579B5E;
				ENABLE_PREVIEWS = YES;
				INFOPLIST_FILE = "engage-timer-updated/Info.plist";
				LD_RUNPATH_SEARCH_PATHS = (
					"$(inherited)",
					"@executable_path/Frameworks",
				);
				MARKETING_VERSION = 2.1;
				PRODUCT_BUNDLE_IDENTIFIER = design.rdconcepts.engager;
				PRODUCT_NAME = "Engage Timer";
				SWIFT_VERSION = 5.0;
				TARGETED_DEVICE_FAMILY = "1,2";
			};
			name = Debug;
		};
		66CBF17423ED19AA0022F015 /* Release */ = {
			isa = XCBuildConfiguration;
			baseConfigurationReference = 9841058B02E7FB9FE2476B10 /* Pods-engage-timer-updated.release.xcconfig */;
			buildSettings = {
				ASSETCATALOG_COMPILER_APPICON_NAME = AppIcon;
				CODE_SIGN_STYLE = Automatic;
				DEVELOPMENT_ASSET_PATHS = "\"engage-timer-updated/Preview Content\"";
				DEVELOPMENT_TEAM = 6SFM579B5E;
				ENABLE_PREVIEWS = YES;
				INFOPLIST_FILE = "engage-timer-updated/Info.plist";
				LD_RUNPATH_SEARCH_PATHS = (
					"$(inherited)",
					"@executable_path/Frameworks",
				);
				MARKETING_VERSION = 2.1;
				PRODUCT_BUNDLE_IDENTIFIER = design.rdconcepts.engager;
				PRODUCT_NAME = "Engage Timer";
				SWIFT_VERSION = 5.0;
				TARGETED_DEVICE_FAMILY = "1,2";
			};
			name = Release;
		};
/* End XCBuildConfiguration section */

/* Begin XCConfigurationList section */
		66CBF15923ED19A70022F015 /* Build configuration list for PBXProject "engage-timer-updated" */ = {
			isa = XCConfigurationList;
			buildConfigurations = (
				66CBF17023ED19AA0022F015 /* Debug */,
				66CBF17123ED19AA0022F015 /* Release */,
			);
			defaultConfigurationIsVisible = 0;
			defaultConfigurationName = Release;
		};
		66CBF17223ED19AA0022F015 /* Build configuration list for PBXNativeTarget "engage-timer-updated" */ = {
			isa = XCConfigurationList;
			buildConfigurations = (
				66CBF17323ED19AA0022F015 /* Debug */,
				66CBF17423ED19AA0022F015 /* Release */,
			);
			defaultConfigurationIsVisible = 0;
			defaultConfigurationName = Release;
		};
/* End XCConfigurationList section */
	};
	rootObject = 66CBF15623ED19A70022F015 /* Project object */;
}
